
Microsoft Visual Studio Solution File, Format Version 12.00
# Visual Studio Version 16
VisualStudioVersion = 16.0.31019.35
MinimumVisualStudioVersion = 10.0.40219.1
Project("{2150E333-8FDC-42A3-9474-1A3956D46DE8}") = "Solution Items", "Solution Items", "{722621A6-FA45-4129-8B8D-94880DCD7971}"
	ProjectSection(SolutionItems) = preProject
		LICENSE.txt = LICENSE.txt
		README.md = README.md
		RELEASE_NOTES.md = RELEASE_NOTES.md
	EndProjectSection
EndProject
Project("{6EC3EE1D-3C4E-46DD-8F32-0CC8E7565705}") = "FSharpx.Collections", "src\FSharpx.Collections\FSharpx.Collections.fsproj", "{1E95A279-C2A9-498B-BC72-6E7A0D6854CE}"
EndProject
Project("{6EC3EE1D-3C4E-46DD-8F32-0CC8E7565705}") = "FSharpx.Collections.Experimental", "src\FSharpx.Collections.Experimental\FSharpx.Collections.Experimental.fsproj", "{AD3C8E86-F4CF-426F-A31D-015056227777}"
EndProject
Project("{6EC3EE1D-3C4E-46DD-8F32-0CC8E7565705}") = "FSharpx.Collections.Tests", "tests\FSharpx.Collections.Tests\FSharpx.Collections.Tests.fsproj", "{B397365B-F6EF-4ABC-94F1-8F6EA900BF20}"
EndProject
Project("{6EC3EE1D-3C4E-46DD-8F32-0CC8E7565705}") = "FSharpx.Collections.Experimental.Tests", "tests\FSharpx.Collections.Experimental.Tests\FSharpx.Collections.Experimental.Tests.fsproj", "{4B763738-CF1A-4DEC-A888-7D3D15054231}"
EndProject
Project("{2150E333-8FDC-42A3-9474-1A3956D46DE8}") = ".paket", ".paket", "{E8AA1CAD-BC7C-4788-B5EF-6C68225B1B5A}"
	ProjectSection(SolutionItems) = preProject
		paket.dependencies = paket.dependencies
		paket.lock = paket.lock
		paket.references = paket.references
	EndProjectSection
EndProject
Project("{2150E333-8FDC-42A3-9474-1A3956D46DE8}") = ".build", ".build", "{DF958161-9599-469B-984A-531F0EBB2FD9}"
	ProjectSection(SolutionItems) = preProject
		build.fsx = build.fsx
		build.cmd = build.cmd
		build.sh = build.sh
	EndProjectSection
EndProject
Project("{2150E333-8FDC-42A3-9474-1A3956D46DE8}") = "docs", "docs", "{F0FAE041-7EC2-4ECC-8FA3-DC8B87310757}"
EndProject
Project("{2150E333-8FDC-42A3-9474-1A3956D46DE8}") = "content", "content", "{4C22B791-4526-4EA9-8576-CA4A10FD8816}"
	ProjectSection(SolutionItems) = preProject
		docs\content\index.fsx = docs\content\index.fsx
		docs\content\PersistentHashMap.fsx = docs\content\PersistentHashMap.fsx
		docs\content\PersistentHashMapPerformance.fsx = docs\content\PersistentHashMapPerformance.fsx
		docs\content\PersistentVector.fsx = docs\content\PersistentVector.fsx
		docs\content\PersistentVectorPerformance.fsx = docs\content\PersistentVectorPerformance.fsx
	EndProjectSection
EndProject
Project("{2150E333-8FDC-42A3-9474-1A3956D46DE8}") = "tools", "tools", "{38CF3CF1-8F46-4199-A8C0-8B2B9A4E15E9}"
	ProjectSection(SolutionItems) = preProject
		docs\tools\generate.fsx = docs\tools\generate.fsx
		docs\tools\templates\template.cshtml = docs\tools\templates\template.cshtml
	EndProjectSection
EndProject
Project("{9A19103F-16F7-4668-BE54-9A1E7A4F7556}") = "csharp", "docs\csharp\csharp.csproj", "{1700F933-C7B2-48E6-80F3-E1C1B677BA6D}"
EndProject
Project("{2150E333-8FDC-42A3-9474-1A3956D46DE8}") = "git", "git", "{B3ACB658-17A4-4950-A8F0-6A397CC21FD3}"
	ProjectSection(SolutionItems) = preProject
		.gitattributes = .gitattributes
		.gitignore = .gitignore
	EndProjectSection
EndProject
Project("{2150E333-8FDC-42A3-9474-1A3956D46DE8}") = "tests", "tests", "{1A2CE886-9043-45B0-8EA6-A302F93F3FC0}"
EndProject
Project("{2150E333-8FDC-42A3-9474-1A3956D46DE8}") = "fable", "fable", "{42162C9C-1380-481F-96F7-5EB3369E8826}"
EndProject
Project("{6EC3EE1D-3C4E-46DD-8F32-0CC8E7565705}") = "FSharpx.Collections.Tests", "tests\fable\FSharpx.Collections.Tests\FSharpx.Collections.Tests.fsproj", "{275B25A0-523E-4CC4-942E-09C9D0582C89}"
EndProject
Global
	GlobalSection(SolutionConfigurationPlatforms) = preSolution
		Debug|Any CPU = Debug|Any CPU
		Release|Any CPU = Release|Any CPU
	EndGlobalSection
	GlobalSection(ProjectConfigurationPlatforms) = postSolution
		{1E95A279-C2A9-498B-BC72-6E7A0D6854CE}.Debug|Any CPU.ActiveCfg = Debug|Any CPU
		{1E95A279-C2A9-498B-BC72-6E7A0D6854CE}.Debug|Any CPU.Build.0 = Debug|Any CPU
		{1E95A279-C2A9-498B-BC72-6E7A0D6854CE}.Release|Any CPU.ActiveCfg = Release|Any CPU
		{1E95A279-C2A9-498B-BC72-6E7A0D6854CE}.Release|Any CPU.Build.0 = Release|Any CPU
		{AD3C8E86-F4CF-426F-A31D-015056227777}.Debug|Any CPU.ActiveCfg = Debug|Any CPU
		{AD3C8E86-F4CF-426F-A31D-015056227777}.Debug|Any CPU.Build.0 = Debug|Any CPU
		{AD3C8E86-F4CF-426F-A31D-015056227777}.Release|Any CPU.ActiveCfg = Release|Any CPU
		{AD3C8E86-F4CF-426F-A31D-015056227777}.Release|Any CPU.Build.0 = Release|Any CPU
		{B397365B-F6EF-4ABC-94F1-8F6EA900BF20}.Debug|Any CPU.ActiveCfg = Debug|Any CPU
		{B397365B-F6EF-4ABC-94F1-8F6EA900BF20}.Debug|Any CPU.Build.0 = Debug|Any CPU
		{B397365B-F6EF-4ABC-94F1-8F6EA900BF20}.Release|Any CPU.ActiveCfg = Release|Any CPU
		{B397365B-F6EF-4ABC-94F1-8F6EA900BF20}.Release|Any CPU.Build.0 = Release|Any CPU
		{4B763738-CF1A-4DEC-A888-7D3D15054231}.Debug|Any CPU.ActiveCfg = Debug|Any CPU
		{4B763738-CF1A-4DEC-A888-7D3D15054231}.Debug|Any CPU.Build.0 = Debug|Any CPU
		{4B763738-CF1A-4DEC-A888-7D3D15054231}.Release|Any CPU.ActiveCfg = Release|Any CPU
		{4B763738-CF1A-4DEC-A888-7D3D15054231}.Release|Any CPU.Build.0 = Release|Any CPU
		{1700F933-C7B2-48E6-80F3-E1C1B677BA6D}.Debug|Any CPU.ActiveCfg = Debug|Any CPU
		{1700F933-C7B2-48E6-80F3-E1C1B677BA6D}.Debug|Any CPU.Build.0 = Debug|Any CPU
		{1700F933-C7B2-48E6-80F3-E1C1B677BA6D}.Release|Any CPU.ActiveCfg = Release|Any CPU
		{1700F933-C7B2-48E6-80F3-E1C1B677BA6D}.Release|Any CPU.Build.0 = Release|Any CPU
		{275B25A0-523E-4CC4-942E-09C9D0582C89}.Debug|Any CPU.ActiveCfg = Debug|Any CPU
		{275B25A0-523E-4CC4-942E-09C9D0582C89}.Debug|Any CPU.Build.0 = Debug|Any CPU
		{275B25A0-523E-4CC4-942E-09C9D0582C89}.Release|Any CPU.ActiveCfg = Release|Any CPU
		{275B25A0-523E-4CC4-942E-09C9D0582C89}.Release|Any CPU.Build.0 = Release|Any CPU
	EndGlobalSection
	GlobalSection(SolutionProperties) = preSolution
		HideSolutionNode = FALSE
	EndGlobalSection
	GlobalSection(NestedProjects) = preSolution
		{4C22B791-4526-4EA9-8576-CA4A10FD8816} = {F0FAE041-7EC2-4ECC-8FA3-DC8B87310757}
		{38CF3CF1-8F46-4199-A8C0-8B2B9A4E15E9} = {F0FAE041-7EC2-4ECC-8FA3-DC8B87310757}
		{1700F933-C7B2-48E6-80F3-E1C1B677BA6D} = {4C22B791-4526-4EA9-8576-CA4A10FD8816}
		{42162C9C-1380-481F-96F7-5EB3369E8826} = {1A2CE886-9043-45B0-8EA6-A302F93F3FC0}
		{275B25A0-523E-4CC4-942E-09C9D0582C89} = {42162C9C-1380-481F-96F7-5EB3369E8826}
	EndGlobalSection
	GlobalSection(ExtensibilityGlobals) = postSolution
		SolutionGuid = {31425A23-0756-4147-BFFC-0BC38C0A8118}
	EndGlobalSection
EndGlobal
