
Microsoft Visual Studio Solution File, Format Version 12.00
# Visual Studio 15
VisualStudioVersion = 15.0.26124.0
MinimumVisualStudioVersion = 15.0.26124.0
Project("{2150E333-8FDC-42A3-9474-1A3956D46DE8}") = "src", "src", "{FDB18F13-82BA-4D7C-9FAE-1B7E859D2AC2}"
EndProject
Project("{F2A71F9B-5D33-465A-A702-920D77279786}") = "FSharpx.Collections", "src\FSharpx.Collections.NetStandard\FSharpx.Collections.fsproj", "{F501167A-F6A2-4680-9077-89B90FDDD83A}"
EndProject
Project("{2150E333-8FDC-42A3-9474-1A3956D46DE8}") = "tests", "tests", "{FBCDA473-7862-4959-A41A-5EAE8AE61B13}"
EndProject
Project("{F2A71F9B-5D33-465A-A702-920D77279786}") = "FSharpx.Collections.Tests.NetStandard", "tests\FSharpx.Collections.Tests.NetStandard\FSharpx.Collections.Tests.NetStandard.fsproj", "{831A6FBC-C567-421F-933C-56141F062153}"
EndProject
Global
	GlobalSection(SolutionConfigurationPlatforms) = preSolution
		Debug|Any CPU = Debug|Any CPU
		Debug|x64 = Debug|x64
		Debug|x86 = Debug|x86
		Release|Any CPU = Release|Any CPU
		Release|x64 = Release|x64
		Release|x86 = Release|x86
	EndGlobalSection
	GlobalSection(SolutionProperties) = preSolution
		HideSolutionNode = FALSE
	EndGlobalSection
	GlobalSection(ProjectConfigurationPlatforms) = postSolution
		{F501167A-F6A2-4680-9077-89B90FDDD83A}.Debug|Any CPU.ActiveCfg = Debug|Any CPU
		{F501167A-F6A2-4680-9077-89B90FDDD83A}.Debug|Any CPU.Build.0 = Debug|Any CPU
		{F501167A-F6A2-4680-9077-89B90FDDD83A}.Debug|x64.ActiveCfg = Debug|x64
		{F501167A-F6A2-4680-9077-89B90FDDD83A}.Debug|x64.Build.0 = Debug|x64
		{F501167A-F6A2-4680-9077-89B90FDDD83A}.Debug|x86.ActiveCfg = Debug|x86
		{F501167A-F6A2-4680-9077-89B90FDDD83A}.Debug|x86.Build.0 = Debug|x86
		{F501167A-F6A2-4680-9077-89B90FDDD83A}.Release|Any CPU.ActiveCfg = Release|Any CPU
		{F501167A-F6A2-4680-9077-89B90FDDD83A}.Release|Any CPU.Build.0 = Release|Any CPU
		{F501167A-F6A2-4680-9077-89B90FDDD83A}.Release|x64.ActiveCfg = Release|x64
		{F501167A-F6A2-4680-9077-89B90FDDD83A}.Release|x64.Build.0 = Release|x64
		{F501167A-F6A2-4680-9077-89B90FDDD83A}.Release|x86.ActiveCfg = Release|x86
		{F501167A-F6A2-4680-9077-89B90FDDD83A}.Release|x86.Build.0 = Release|x86
		{831A6FBC-C567-421F-933C-56141F062153}.Debug|Any CPU.ActiveCfg = Debug|Any CPU
		{831A6FBC-C567-421F-933C-56141F062153}.Debug|Any CPU.Build.0 = Debug|Any CPU
		{831A6FBC-C567-421F-933C-56141F062153}.Debug|x64.ActiveCfg = Debug|x64
		{831A6FBC-C567-421F-933C-56141F062153}.Debug|x64.Build.0 = Debug|x64
		{831A6FBC-C567-421F-933C-56141F062153}.Debug|x86.ActiveCfg = Debug|x86
		{831A6FBC-C567-421F-933C-56141F062153}.Debug|x86.Build.0 = Debug|x86
		{831A6FBC-C567-421F-933C-56141F062153}.Release|Any CPU.ActiveCfg = Release|Any CPU
		{831A6FBC-C567-421F-933C-56141F062153}.Release|Any CPU.Build.0 = Release|Any CPU
		{831A6FBC-C567-421F-933C-56141F062153}.Release|x64.ActiveCfg = Release|x64
		{831A6FBC-C567-421F-933C-56141F062153}.Release|x64.Build.0 = Release|x64
		{831A6FBC-C567-421F-933C-56141F062153}.Release|x86.ActiveCfg = Release|x86
		{831A6FBC-C567-421F-933C-56141F062153}.Release|x86.Build.0 = Release|x86
	EndGlobalSection
	GlobalSection(NestedProjects) = preSolution
		{F501167A-F6A2-4680-9077-89B90FDDD83A} = {FDB18F13-82BA-4D7C-9FAE-1B7E859D2AC2}
		{831A6FBC-C567-421F-933C-56141F062153} = {FBCDA473-7862-4959-A41A-5EAE8AE61B13}
	EndGlobalSection
EndGlobal
