RESTRICTION: || (== net8.0) (== netstandard2.0)
NUGET
  remote: https://api.nuget.org/v3/index.json
    Expecto (8.13.1)
      FSharp.Core (>= 4.3.4)
      Mono.Cecil (>= 0.11)
    Expecto.FsCheck (8.13.1)
      Expecto (>= 8.13.1)
      FsCheck (>= 2.14)
    FsCheck (2.16.6)
      FSharp.Core (>= 4.2.3)
    FSharp.Core (4.3.4)
    Microsoft.CodeCoverage (18.0.1) - restriction: || (== net8.0) (&& (== netstandard2.0) (>= net462)) (&& (== netstandard2.0) (>= net8.0))
    Microsoft.NET.Test.Sdk (18.0.1)
      Microsoft.CodeCoverage (>= 18.0.1) - restriction: || (== net8.0) (&& (== netstandard2.0) (>= net462)) (&& (== netstandard2.0) (>= net8.0))
      Microsoft.TestPlatform.TestHost (>= 18.0.1) - restriction: || (== net8.0) (&& (== netstandard2.0) (>= net8.0))
    Microsoft.TestPlatform.ObjectModel (18.0.1) - restriction: || (== net8.0) (&& (== netstandard2.0) (>= net8.0))
      System.Reflection.Metadata (>= 8.0)
    Microsoft.TestPlatform.TestHost (18.0.1) - restriction: || (== net8.0) (&& (== netstandard2.0) (>= net8.0))
      Microsoft.TestPlatform.ObjectModel (>= 18.0.1) - restriction: || (== net8.0) (&& (== netstandard2.0) (>= net8.0))
      Newtonsoft.Json (>= 13.0.3) - restriction: || (== net8.0) (&& (== netstandard2.0) (>= net8.0))
    Mono.Cecil (0.11.4)
    Newtonsoft.Json (13.0.4) - restriction: || (== net8.0) (&& (== netstandard2.0) (>= net8.0))
    System.Collections.Immutable (6.0) - restriction: || (== net8.0) (&& (== netstandard2.0) (>= net461)) (&& (== netstandard2.0) (>= netcoreapp2.0))
      System.Runtime.CompilerServices.Unsafe (>= 6.0)
    System.Reflection.Metadata (8.0.1) - restriction: || (== net8.0) (&& (== netstandard2.0) (>= net8.0))
    System.Runtime.CompilerServices.Unsafe (6.0) - restriction: || (== net8.0) (&& (== netstandard2.0) (>= net461)) (&& (== netstandard2.0) (>= netcoreapp2.0))
    YoloDev.Expecto.TestSdk (0.8)
      Expecto (>= 8.10 < 9.0) - restriction: || (== net8.0) (&& (== netstandard2.0) (>= net461)) (&& (== netstandard2.0) (>= netcoreapp2.0))
      FSharp.Core (>= 4.3.4) - restriction: || (== net8.0) (&& (== netstandard2.0) (>= net461)) (&& (== netstandard2.0) (>= netcoreapp2.0))
      System.Collections.Immutable (>= 1.4) - restriction: || (== net8.0) (&& (== netstandard2.0) (>= net461)) (&& (== netstandard2.0) (>= netcoreapp2.0))

GROUP Build
RESTRICTION: == net8.0
NUGET
  remote: https://api.nuget.org/v3/index.json
    BlackFox.VsWhere (1.1)
      FSharp.Core (>= 4.2.3)
      Microsoft.Win32.Registry (>= 4.7)
    Chessie (0.6)
      FSharp.Core (>= 4.0.1.7-alpha)
      NETStandard.Library (>= 1.6)
    Fake.Core.CommandLineParsing (6.1.4)
      FParsec (>= 1.1.1)
      FSharp.Core (>= 8.0.400)
    Fake.Core.Context (6.1.4)
      FSharp.Core (>= 8.0.400)
    Fake.Core.DependencyManager.Paket (6.1.4)
      FSharp.Core (>= 8.0.400)
    Fake.Core.Environment (6.1.4)
      FSharp.Core (>= 8.0.400)
    Fake.Core.FakeVar (6.1.4)
      Fake.Core.Context (>= 6.1.4)
      FSharp.Core (>= 8.0.400)
    Fake.Core.Process (6.1.4)
      Fake.Core.Environment (>= 6.1.4)
      Fake.Core.FakeVar (>= 6.1.4)
      Fake.Core.String (>= 6.1.4)
      Fake.Core.Trace (>= 6.1.4)
      Fake.IO.FileSystem (>= 6.1.4)
      FSharp.Core (>= 8.0.400)
      System.Collections.Immutable (>= 8.0)
    Fake.Core.ReleaseNotes (6.1.4)
      Fake.Core.SemVer (>= 6.1.4)
      Fake.Core.String (>= 6.1.4)
      FSharp.Core (>= 8.0.400)
    Fake.Core.SemVer (6.1.4)
      FSharp.Core (>= 8.0.400)
    Fake.Core.String (6.1.4)
      FSharp.Core (>= 8.0.400)
    Fake.Core.Target (6.1.4)
      Fake.Core.CommandLineParsing (>= 6.1.4)
      Fake.Core.Context (>= 6.1.4)
      Fake.Core.Environment (>= 6.1.4)
      Fake.Core.FakeVar (>= 6.1.4)
      Fake.Core.Process (>= 6.1.4)
      Fake.Core.String (>= 6.1.4)
      Fake.Core.Trace (>= 6.1.4)
      FSharp.Control.Reactive (>= 5.0.2)
      FSharp.Core (>= 8.0.400)
    Fake.Core.Tasks (6.1.4)
      Fake.Core.Trace (>= 6.1.4)
      FSharp.Core (>= 8.0.400)
    Fake.Core.Trace (6.1.4)
      Fake.Core.Environment (>= 6.1.4)
      Fake.Core.FakeVar (>= 6.1.4)
      FSharp.Core (>= 8.0.400)
    Fake.Core.Xml (6.1.4)
      Fake.Core.String (>= 6.1.4)
      FSharp.Core (>= 8.0.400)
    Fake.DotNet.AssemblyInfoFile (6.1.4)
      Fake.Core.Environment (>= 6.1.4)
      Fake.Core.String (>= 6.1.4)
      Fake.Core.Trace (>= 6.1.4)
      Fake.IO.FileSystem (>= 6.1.4)
      FSharp.Core (>= 8.0.400)
    Fake.DotNet.Cli (6.1.4)
      Fake.Core.Environment (>= 6.1.4)
      Fake.Core.Process (>= 6.1.4)
      Fake.Core.String (>= 6.1.4)
      Fake.Core.Trace (>= 6.1.4)
      Fake.DotNet.MSBuild (>= 6.1.4)
      Fake.DotNet.NuGet (>= 6.1.4)
      Fake.IO.FileSystem (>= 6.1.4)
      FSharp.Core (>= 8.0.400)
      Mono.Posix.NETStandard (>= 1.0)
    Fake.DotNet.FSFormatting (6.1.4)
      Fake.Core.Process (>= 6.1.4)
      Fake.DotNet.Cli (>= 6.1.4)
      Fake.IO.FileSystem (>= 6.1.4)
      FSharp.Core (>= 8.0.400)
    Fake.DotNet.MSBuild (6.1.4)
      BlackFox.VsWhere (>= 1.1)
      Fake.Core.Environment (>= 6.1.4)
      Fake.Core.Process (>= 6.1.4)
      Fake.Core.String (>= 6.1.4)
      Fake.Core.Trace (>= 6.1.4)
      Fake.IO.FileSystem (>= 6.1.4)
      FSharp.Core (>= 8.0.400)
      MSBuild.StructuredLogger (>= 2.1.815)
    Fake.DotNet.NuGet (6.1.4)
      Fake.Core.Environment (>= 6.1.4)
      Fake.Core.Process (>= 6.1.4)
      Fake.Core.SemVer (>= 6.1.4)
      Fake.Core.String (>= 6.1.4)
      Fake.Core.Tasks (>= 6.1.4)
      Fake.Core.Trace (>= 6.1.4)
      Fake.Core.Xml (>= 6.1.4)
      Fake.IO.FileSystem (>= 6.1.4)
      Fake.Net.Http (>= 6.1.4)
      FSharp.Core (>= 8.0.400)
      Newtonsoft.Json (>= 13.0.3)
      NuGet.Protocol (>= 6.12.4)
    Fake.DotNet.Paket (6.1.4)
      Fake.Core.Process (>= 6.1.4)
      Fake.Core.String (>= 6.1.4)
      Fake.Core.Trace (>= 6.1.4)
      Fake.DotNet.Cli (>= 6.1.4)
      Fake.IO.FileSystem (>= 6.1.4)
      FSharp.Core (>= 8.0.400)
    Fake.DotNet.Testing.Expecto (6.1.4)
      Fake.Core.Process (>= 6.1.4)
      Fake.Core.String (>= 6.1.4)
      Fake.Core.Trace (>= 6.1.4)
      Fake.Testing.Common (>= 6.1.4)
      FSharp.Core (>= 8.0.400)
    Fake.IO.FileSystem (6.1.4)
      Fake.Core.String (>= 6.1.4)
      Fake.Core.Trace (>= 6.1.4)
      FSharp.Core (>= 8.0.400)
    Fake.JavaScript.Yarn (6.1.4)
      Fake.Core.Process (>= 6.1.4)
      FSharp.Core (>= 8.0.400)
    Fake.Net.Http (6.1.4)
      Fake.Core.Trace (>= 6.1.4)
      FSharp.Core (>= 8.0.400)
    Fake.Runtime (6.1.4)
      Fake.Core.Context (>= 6.1.4)
      Fake.Core.DependencyManager.Paket (>= 6.1.4)
      Fake.DotNet.Cli (>= 6.1.4)
      Fake.IO.FileSystem (>= 6.1.4)
      FSharp.Compiler.Service (>= 43.8.400)
      FSharp.Core (>= 8.0.400)
      Microsoft.Deployment.DotNet.Releases (>= 1.0.1)
      Mono.Cecil (>= 0.11.5)
      Paket.Core (>= 9.0.2)
    Fake.Testing.Common (6.1.4)
      Fake.Core.Trace (>= 6.1.4)
      FSharp.Core (>= 8.0.400)
    Fake.Tools.Git (6.1.4)
      Fake.Core.Environment (>= 6.1.4)
      Fake.Core.Process (>= 6.1.4)
      Fake.Core.SemVer (>= 6.1.4)
      Fake.Core.String (>= 6.1.4)
      Fake.Core.Trace (>= 6.1.4)
      Fake.IO.FileSystem (>= 6.1.4)
      FSharp.Core (>= 8.0.400)
    FParsec (1.1.1)
      FSharp.Core (>= 4.3.4)
    FSharp.Compiler.Service (43.10.101)
      FSharp.Core (10.0.101)
      System.Buffers (>= 4.6)
      System.Collections.Immutable (>= 9.0)
      System.Diagnostics.DiagnosticSource (>= 9.0)
      System.Memory (>= 4.6)
      System.Reflection.Emit (>= 4.7)
      System.Reflection.Metadata (>= 9.0)
      System.Runtime.CompilerServices.Unsafe (>= 6.1)
    FSharp.Control.Reactive (6.1.2)
      FSharp.Core (>= 6.0.7)
      System.Reactive (>= 6.0.1)
    FSharp.Core (10.0.101)
    Microsoft.Bcl.Cryptography (10.0.1)
      System.Formats.Asn1 (>= 10.0.1)
    Microsoft.Build (17.11.48)
      Microsoft.Build.Framework (>= 17.11.48)
      Microsoft.NET.StringTools (>= 17.11.48)
      System.Collections.Immutable (>= 8.0)
      System.Configuration.ConfigurationManager (>= 8.0)
      System.Reflection.Metadata (>= 8.0)
      System.Reflection.MetadataLoadContext (>= 8.0)
    Microsoft.Build.Framework (17.11.48)
    Microsoft.Build.Tasks.Core (17.11.48)
      Microsoft.Build.Framework (>= 17.11.48)
      Microsoft.Build.Utilities.Core (>= 17.11.48)
      Microsoft.NET.StringTools (>= 17.11.48)
      System.CodeDom (>= 8.0)
      System.Collections.Immutable (>= 8.0)
      System.Configuration.ConfigurationManager (>= 8.0)
      System.Formats.Asn1 (>= 8.0.1)
      System.Resources.Extensions (>= 8.0)
      System.Security.Cryptography.Pkcs (>= 8.0)
      System.Security.Cryptography.Xml (>= 8.0)
    Microsoft.Build.Utilities.Core (17.11.48)
      Microsoft.Build.Framework (>= 17.11.48)
      Microsoft.NET.StringTools (>= 17.11.48)
      System.Collections.Immutable (>= 8.0)
      System.Configuration.ConfigurationManager (>= 8.0)
    Microsoft.Deployment.DotNet.Releases (1.0.1)
      System.Text.Json (>= 8.0.5)
    Microsoft.NET.StringTools (18.0.2)
      System.Memory (>= 4.6)
      System.Runtime.CompilerServices.Unsafe (>= 6.1)
    Microsoft.NETCore.Platforms (7.0.4)
    Microsoft.Win32.Registry (5.0)
      System.Security.AccessControl (>= 5.0)
      System.Security.Principal.Windows (>= 5.0)
    Mono.Cecil (0.11.6)
    Mono.Posix.NETStandard (1.0)
    MSBuild.StructuredLogger (2.3.113)
      Microsoft.Build.Framework (>= 17.5)
      Microsoft.Build.Utilities.Core (>= 17.5)
      System.Collections.Immutable (>= 8.0)
    NETStandard.Library (2.0.3)
      Microsoft.NETCore.Platforms (>= 1.1)
    Newtonsoft.Json (13.0.4)
    NuGet.Common (7.0.1)
      NuGet.Frameworks (>= 7.0.1)
    NuGet.Configuration (7.0.1)
      NuGet.Common (>= 7.0.1)
      System.Security.Cryptography.ProtectedData (>= 9.0.6)
    NuGet.Frameworks (7.0.1)
    NuGet.Packaging (7.0.1)
      Newtonsoft.Json (>= 13.0.3)
      NuGet.Configuration (>= 7.0.1)
      NuGet.Versioning (>= 7.0.1)
      System.Security.Cryptography.Pkcs (>= 9.0.6)
    NuGet.Protocol (7.0.1)
      NuGet.Packaging (>= 7.0.1)
    NuGet.Versioning (7.0.1)
    Paket.Core (9.0.2)
      Chessie (>= 0.6)
      FSharp.Core (>= 8.0.400)
      Mono.Cecil (>= 0.11.3 < 0.12)
      Newtonsoft.Json (>= 13.0.1)
      NuGet.Packaging (>= 5.9.1)
      System.Net.Http.WinHttpHandler (>= 5.0)
      System.Security.Cryptography.ProtectedData (>= 5.0)
    System.Buffers (4.6.1)
    System.CodeDom (10.0.1)
    System.Collections.Immutable (10.0.1)
    System.Configuration.ConfigurationManager (10.0.1)
      System.Diagnostics.EventLog (>= 10.0.1)
      System.Security.Cryptography.ProtectedData (>= 10.0.1)
    System.Diagnostics.DiagnosticSource (10.0.1)
    System.Diagnostics.EventLog (10.0.1)
    System.Formats.Asn1 (10.0.1)
    System.Formats.Nrbf (10.0.1)
      System.Reflection.Metadata (>= 10.0.1)
    System.IO.Pipelines (10.0.1)
    System.Memory (4.6.3)
    System.Net.Http.WinHttpHandler (10.0.1)
    System.Reactive (6.1)
    System.Reflection.Emit (4.7)
    System.Reflection.Metadata (10.0.1)
      System.Collections.Immutable (>= 10.0.1)
    System.Reflection.MetadataLoadContext (10.0.1)
      System.Collections.Immutable (>= 10.0.1)
      System.Reflection.Metadata (>= 10.0.1)
    System.Resources.Extensions (10.0.1)
      System.Formats.Nrbf (>= 10.0.1)
    System.Runtime.CompilerServices.Unsafe (6.1.2)
    System.Security.AccessControl (6.0.1)
    System.Security.Cryptography.Pkcs (10.0.1)
      Microsoft.Bcl.Cryptography (>= 10.0.1)
      System.Formats.Asn1 (>= 10.0.1)
    System.Security.Cryptography.ProtectedData (10.0.1)
    System.Security.Cryptography.Xml (10.0.1)
      Microsoft.Bcl.Cryptography (>= 10.0.1)
      System.Security.Cryptography.Pkcs (>= 10.0.1)
    System.Security.Principal.Windows (5.0)
    System.Text.Encodings.Web (10.0.1)
    System.Text.Json (10.0.1)
      System.IO.Pipelines (>= 10.0.1)
      System.Text.Encodings.Web (>= 10.0.1)

GROUP Test.Fable
RESTRICTION: == netstandard2.0
NUGET
  remote: https://api.nuget.org/v3/index.json
    Fable.AST (4.2)
    Fable.Browser.Blob (1.2)
      Fable.Core (>= 3.0)
      FSharp.Core (>= 4.7.2)
    Fable.Browser.Dom (2.10)
      Fable.Browser.Blob (>= 1.2)
      Fable.Browser.Event (>= 1.5)
      Fable.Browser.WebStorage (>= 1.1)
      Fable.Core (>= 3.2.8)
      FSharp.Core (>= 4.7.2)
    Fable.Browser.Event (1.5)
      Fable.Browser.Gamepad (>= 1.1)
      Fable.Core (>= 3.0)
      FSharp.Core (>= 4.7.2)
    Fable.Browser.Gamepad (1.1)
      Fable.Core (>= 3.0)
      FSharp.Core (>= 4.7.2)
    Fable.Browser.WebStorage (1.1)
      Fable.Browser.Event (>= 1.5)
      Fable.Core (>= 3.0)
      FSharp.Core (>= 4.7.2)
    Fable.Core (3.7.1)
    Fable.Elmish (3.1)
      Fable.Core (>= 3.0)
      FSharp.Core (>= 4.6.2)
    Fable.FastCheck (0.33)
      Fable.Core (>= 3.2.8 < 4.0)
      Fable.Elmish (>= 3.1 < 4.0)
      Fable.Promise (>= 2.2.2 < 3.0)
      FSharp.Core (>= 4.7.2)
    Fable.FastCheck.Jest (0.33)
      Fable.Core (>= 3.2.8 < 4.0)
      Fable.FastCheck (>= 0.33)
      Fable.Jester (>= 0.33)
      Fable.Promise (>= 2.2.2 < 3.0)
      FSharp.Core (>= 4.7.2)
    Fable.Jester (0.33)
      Fable.Browser.Dom (>= 2.4.4 < 3.0)
      Fable.Core (>= 3.2.8 < 4.0)
      Fable.Node (>= 1.0.2 < 2.0)
      Fable.Promise (>= 2.2.2 < 3.0)
      Feliz (>= 1.47 < 2.0)
      FSharp.Core (>= 4.7.2)
    Fable.Node (1.2)
      Fable.Core (>= 3.1.2)
      FSharp.Core (>= 5.0)
    Fable.Promise (2.2.2)
      Fable.Core (>= 3.1.5)
      FSharp.Core (>= 4.7.2)
    Fable.React (9.0.1)
      Fable.Core (>= 3.2.7)
      Fable.React.Types (>= 18.0)
      FSharp.Core (>= 4.7.2)
    Fable.React.Types (18.0)
      Fable.Browser.Dom (>= 2.4.4)
      Fable.Core (>= 3.2.7)
      FSharp.Core (>= 4.7.2)
    Feliz (1.68)
      Fable.Core (>= 3.1.5)
      Fable.React (>= 7.4)
      Feliz.CompilerPlugins (>= 1.10)
      FSharp.Core (>= 4.7.2)
    Feliz.CompilerPlugins (1.10)
      Fable.AST (>= 3.0)
      FSharp.Core (>= 4.7.2)
    FSharp.Core (6.0.6)
